
Microsoft Visual Studio Solution File, Format Version 12.00
# Visual Studio Version 16
VisualStudioVersion = 16.0.29424.173
MinimumVisualStudioVersion = 10.0.40219.1
Project("{FAE04EC0-301F-11D3-BF4B-00C04F79EFBC}") = "RockeyWC", "RockeyWC\RockeyWC.csproj", "{11B8243E-E68C-4B5B-8B55-6946314D4440}"
EndProject
Global
	GlobalSection(SolutionConfigurationPlatforms) = preSolution
		Debug|Any CPU = Debug|Any CPU
		Release|Any CPU = Release|Any CPU
	EndGlobalSection
	GlobalSection(ProjectConfigurationPlatforms) = postSolution
		{11B8243E-E68C-4B5B-8B55-6946314D4440}.Debug|Any CPU.ActiveCfg = Debug|Any CPU
		{11B8243E-E68C-4B5B-8B55-6946314D4440}.Debug|Any CPU.Build.0 = Debug|Any CPU
		{11B8243E-E68C-4B5B-8B55-6946314D4440}.Release|Any CPU.ActiveCfg = Release|Any CPU
		{11B8243E-E68C-4B5B-8B55-6946314D4440}.Release|Any CPU.Build.0 = Release|Any CPU
	EndGlobalSection
	GlobalSection(SolutionProperties) = preSolution
		HideSolutionNode = FALSE
	EndGlobalSection
	GlobalSection(ExtensibilityGlobals) = postSolution
		SolutionGuid = {7B93055E-F37A-44E1-AAB8-8DBD642E87A9}
	EndGlobalSection
EndGlobal
